<?xml version="1.0" encoding="utf-8"?>
<Project ToolsVersion="4.0" xmlns="http://schemas.microsoft.com/developer/msbuild/2003">
  <ItemGroup>
    <Filter Include="소스 파일">
      <UniqueIdentifier>{4FC737F1-C7A5-4376-A066-2A32D752A2FF}</UniqueIdentifier>
      <Extensions>cpp;c;cc;cxx;c++;cppm;ixx;def;odl;idl;hpj;bat;asm;asmx</Extensions>
    </Filter>
    <Filter Include="헤더 파일">
      <UniqueIdentifier>{93995380-89BD-4b04-88EB-625FBE52EBFB}</UniqueIdentifier>
      <Extensions>h;hh;hpp;hxx;h++;hm;inl;inc;ipp;xsd</Extensions>
    </Filter>
    <Filter Include="리소스 파일">
      <UniqueIdentifier>{67DA6AB6-F800-4c08-8B7A-83BB121AAD01}</UniqueIdentifier>
      <Extensions>rc;ico;cur;bmp;dlg;rc2;rct;bin;rgs;gif;jpg;jpeg;jpe;resx;tiff;tif;png;wav;mfcribbon-ms</Extensions>
    </Filter>
    <Filter Include="소스 파일\Player">
      <UniqueIdentifier>{b3fea389-c85a-452b-850e-91381c2c86da}</UniqueIdentifier>
    </Filter>
    <Filter Include="소스 파일\Plant">
      <UniqueIdentifier>{f24ac04d-85be-4965-b9af-9482a99bb4cd}</UniqueIdentifier>
    </Filter>
    <Filter Include="소스 파일\Game">
      <UniqueIdentifier>{cfc273d5-98b4-48c6-afdc-3e0d9a082b26}</UniqueIdentifier>
    </Filter>
    <Filter Include="소스 파일\CoreFunction">
      <UniqueIdentifier>{258ac5a0-066b-45be-a235-59d2e2a49348}</UniqueIdentifier>
    </Filter>
    <Filter Include="소스 파일\CoreFunction\Point">
      <UniqueIdentifier>{2dafdcbe-855f-4265-85f0-efe5a817f56a}</UniqueIdentifier>
    </Filter>
    <Filter Include="소스 파일\CoreFunction\Size">
      <UniqueIdentifier>{717f11c6-a97d-4820-b1e4-f9bac5628660}</UniqueIdentifier>
    </Filter>
    <Filter Include="소스 파일\CoreFunction\PictureBox">
      <UniqueIdentifier>{e67299b2-c305-401c-9468-77607aa88fc7}</UniqueIdentifier>
    </Filter>
    <Filter Include="소스 파일\Game\Main">
      <UniqueIdentifier>{df77c6c2-b0f1-445d-bcd3-5d5013828f4c}</UniqueIdentifier>
    </Filter>
    <Filter Include="소스 파일\Plant\Sunflower">
      <UniqueIdentifier>{4eca7184-b3d8-4b2d-810a-08392d279803}</UniqueIdentifier>
    </Filter>
    <Filter Include="소스 파일\Plant\Pea">
      <UniqueIdentifier>{4b13eb0f-ef76-4903-8260-31e78705220b}</UniqueIdentifier>
    </Filter>
    <Filter Include="소스 파일\Zombie">
      <UniqueIdentifier>{09bd6a98-4706-4860-8268-f1fec28d83fb}</UniqueIdentifier>
    </Filter>
    <Filter Include="소스 파일\GameBoard">
      <UniqueIdentifier>{598a03c3-0b2e-404c-9127-174567e57dbe}</UniqueIdentifier>
    </Filter>
    <Filter Include="소스 파일\GameBoard\Tile">
      <UniqueIdentifier>{15466b94-16d0-4333-b3e4-7aa94cb0c437}</UniqueIdentifier>
    </Filter>
    <Filter Include="소스 파일\CoreFunction\IntervalTimer">
      <UniqueIdentifier>{87e1761a-51f0-4f99-a8ed-820a707566db}</UniqueIdentifier>
    </Filter>
    <Filter Include="소스 파일\Plant\Bullet">
      <UniqueIdentifier>{b584fe15-54ac-4930-aee3-07a251b11b5d}</UniqueIdentifier>
    </Filter>
    <Filter Include="소스 파일\Plant\Bullet\BulletPea">
      <UniqueIdentifier>{74a03951-1309-40a2-a861-2757aeaf7bdd}</UniqueIdentifier>
    </Filter>
    <Filter Include="소스 파일\Game\Manager">
      <UniqueIdentifier>{fdfb1852-f1c6-41c9-8209-749fb69a622a}</UniqueIdentifier>
    </Filter>
    <Filter Include="소스 파일\Game\Manager\PlantManager">
      <UniqueIdentifier>{67ba0f14-e4e9-4ca6-8059-bd222124c687}</UniqueIdentifier>
    </Filter>
    <Filter Include="소스 파일\Game\Manager\CollisionManager">
      <UniqueIdentifier>{be2b1933-2304-401c-8a74-f1c843815ba6}</UniqueIdentifier>
    </Filter>
    <Filter Include="소스 파일\Game\Manager\BulletManager">
      <UniqueIdentifier>{82f14f9d-3159-41e3-a547-0335b3ed8b56}</UniqueIdentifier>
    </Filter>
    <Filter Include="소스 파일\Game\Manager\ZombieManager">
      <UniqueIdentifier>{335e0fdc-bf8c-419d-a502-dd0749b2cd9f}</UniqueIdentifier>
    </Filter>
  </ItemGroup>
  <ItemGroup>
    <ClInclude Include="framework.h">
      <Filter>헤더 파일</Filter>
    </ClInclude>
    <ClInclude Include="targetver.h">
      <Filter>헤더 파일</Filter>
    </ClInclude>
    <ClInclude Include="Resource.h">
      <Filter>헤더 파일</Filter>
    </ClInclude>
    <ClInclude Include="Player.h">
      <Filter>소스 파일\Player</Filter>
    </ClInclude>
    <ClInclude Include="Point.h">
      <Filter>소스 파일\CoreFunction\Point</Filter>
    </ClInclude>
    <ClInclude Include="Constants.h">
      <Filter>소스 파일\CoreFunction</Filter>
    </ClInclude>
    <ClInclude Include="Size.h">
      <Filter>소스 파일\CoreFunction\Size</Filter>
    </ClInclude>
    <ClInclude Include="GameBoard.h">
      <Filter>소스 파일\GameBoard</Filter>
    </ClInclude>
    <ClInclude Include="PictureBox.h">
      <Filter>소스 파일\CoreFunction\PictureBox</Filter>
    </ClInclude>
    <ClInclude Include="Tile.h">
      <Filter>소스 파일\GameBoard\Tile</Filter>
    </ClInclude>
    <ClInclude Include="MainGame.h">
      <Filter>소스 파일\Game\Main</Filter>
    </ClInclude>
    <ClInclude Include="PlantsVsZombies.h">
      <Filter>소스 파일\Game</Filter>
    </ClInclude>
    <ClInclude Include="Sunflower.h">
      <Filter>소스 파일\Plant\Sunflower</Filter>
    </ClInclude>
    <ClInclude Include="Plant.h">
      <Filter>소스 파일\Plant</Filter>
    </ClInclude>
    <ClInclude Include="Pea.h">
      <Filter>소스 파일\Plant\Pea</Filter>
    </ClInclude>
    <ClInclude Include="Zombie.h">
      <Filter>소스 파일\Zombie</Filter>
    </ClInclude>
    <ClInclude Include="ZombieManager.h">
      <Filter>소스 파일\Game\Manager\ZombieManager</Filter>
    </ClInclude>
    <ClInclude Include="IntervalTimer.h">
      <Filter>소스 파일\CoreFunction\IntervalTimer</Filter>
    </ClInclude>
    <ClInclude Include="Bullet.h">
      <Filter>소스 파일\Plant\Bullet</Filter>
    </ClInclude>
    <ClInclude Include="BulletPea.h">
      <Filter>소스 파일\Plant\Bullet\BulletPea</Filter>
    </ClInclude>
    <ClInclude Include="BulletManager.h">
      <Filter>소스 파일\Game\Manager\BulletManager</Filter>
    </ClInclude>
    <ClInclude Include="CollisionManager.h">
      <Filter>소스 파일\Game\Manager\CollisionManager</Filter>
    </ClInclude>
  </ItemGroup>
  <ItemGroup>
    <ClCompile Include="Player.cpp">
      <Filter>소스 파일\Player</Filter>
    </ClCompile>
    <ClCompile Include="Point.cpp">
      <Filter>소스 파일\CoreFunction\Point</Filter>
    </ClCompile>
    <ClCompile Include="Size.cpp">
      <Filter>소스 파일\CoreFunction\Size</Filter>
    </ClCompile>
    <ClCompile Include="GameBoard.cpp">
      <Filter>소스 파일\GameBoard</Filter>
    </ClCompile>
    <ClCompile Include="PictureBox.cpp">
      <Filter>소스 파일\CoreFunction\PictureBox</Filter>
    </ClCompile>
    <ClCompile Include="Tile.cpp">
      <Filter>소스 파일\GameBoard\Tile</Filter>
    </ClCompile>
    <ClCompile Include="MainGame.cpp">
      <Filter>소스 파일\Game\Main</Filter>
    </ClCompile>
    <ClCompile Include="PlantsVsZombies.cpp">
      <Filter>소스 파일\Game</Filter>
    </ClCompile>
    <ClCompile Include="Sunflower.cpp">
      <Filter>소스 파일\Plant\Sunflower</Filter>
    </ClCompile>
    <ClCompile Include="Plant.cpp">
      <Filter>소스 파일\Plant</Filter>
    </ClCompile>
    <ClCompile Include="Pea.cpp">
      <Filter>소스 파일\Plant\Pea</Filter>
    </ClCompile>
    <ClCompile Include="Zombie.cpp">
      <Filter>소스 파일\Zombie</Filter>
    </ClCompile>
    <ClCompile Include="ZombieManager.cpp">
      <Filter>소스 파일\Game\Manager\ZombieManager</Filter>
    </ClCompile>
    <ClCompile Include="IntervalTimer.cpp">
      <Filter>소스 파일\CoreFunction\IntervalTimer</Filter>
    </ClCompile>
    <ClCompile Include="Bullet.cpp">
      <Filter>소스 파일\Plant\Bullet</Filter>
    </ClCompile>
    <ClCompile Include="BulletPea.cpp">
      <Filter>소스 파일\Plant\Bullet\BulletPea</Filter>
    </ClCompile>
    <ClCompile Include="BulletManager.cpp">
      <Filter>소스 파일\Game\Manager\BulletManager</Filter>
    </ClCompile>
    <ClCompile Include="CollisionManager.cpp">
      <Filter>소스 파일\Game\Manager\CollisionManager</Filter>
    </ClCompile>
  </ItemGroup>
  <ItemGroup>
    <ResourceCompile Include="PlantsVsZombies.rc">
      <Filter>리소스 파일</Filter>
    </ResourceCompile>
  </ItemGroup>
  <ItemGroup>
    <Image Include="small.ico">
      <Filter>리소스 파일</Filter>
    </Image>
    <Image Include="PlantsVsZombies.ico">
      <Filter>리소스 파일</Filter>
    </Image>
  </ItemGroup>
</Project>