<?xml version="1.0" encoding="utf-8"?>
<Project ToolsVersion="4.0" xmlns="http://schemas.microsoft.com/developer/msbuild/2003">
  <ItemGroup>
    <Filter Include="소스 파일">
      <UniqueIdentifier>{4FC737F1-C7A5-4376-A066-2A32D752A2FF}</UniqueIdentifier>
      <Extensions>cpp;c;cc;cxx;c++;cppm;ixx;def;odl;idl;hpj;bat;asm;asmx</Extensions>
    </Filter>
    <Filter Include="헤더 파일">
      <UniqueIdentifier>{93995380-89BD-4b04-88EB-625FBE52EBFB}</UniqueIdentifier>
      <Extensions>h;hh;hpp;hxx;h++;hm;inl;inc;ipp;xsd</Extensions>
    </Filter>
    <Filter Include="리소스 파일">
      <UniqueIdentifier>{67DA6AB6-F800-4c08-8B7A-83BB121AAD01}</UniqueIdentifier>
      <Extensions>rc;ico;cur;bmp;dlg;rc2;rct;bin;rgs;gif;jpg;jpeg;jpe;resx;tiff;tif;png;wav;mfcribbon-ms</Extensions>
    </Filter>
    <Filter Include="소스 파일\CoreFunction">
      <UniqueIdentifier>{93880efb-bfe2-402b-8511-f01a27d43f83}</UniqueIdentifier>
    </Filter>
    <Filter Include="소스 파일\GameObject">
      <UniqueIdentifier>{85e27340-8c18-463a-9851-8fcffdccc8d8}</UniqueIdentifier>
    </Filter>
    <Filter Include="소스 파일\Main">
      <UniqueIdentifier>{05815799-0c6e-4caa-8d61-1feb8c878dfa}</UniqueIdentifier>
    </Filter>
    <Filter Include="소스 파일\Manager">
      <UniqueIdentifier>{e44c4202-c6a4-4416-8e72-062404b87190}</UniqueIdentifier>
    </Filter>
    <Filter Include="소스 파일\CoreFunction\IntervalTimer">
      <UniqueIdentifier>{ea87a316-6fbf-4738-aedf-8353fc866185}</UniqueIdentifier>
    </Filter>
    <Filter Include="소스 파일\CoreFunction\PictureBox">
      <UniqueIdentifier>{1cecdfd9-2c7b-4521-9efd-def8f1a75b72}</UniqueIdentifier>
    </Filter>
    <Filter Include="소스 파일\CoreFunction\Point">
      <UniqueIdentifier>{52e487e3-ed01-4607-953e-30b2c6f6feda}</UniqueIdentifier>
    </Filter>
    <Filter Include="소스 파일\CoreFunction\Singleton">
      <UniqueIdentifier>{9a2a74cc-207f-439b-9362-108eee8076b8}</UniqueIdentifier>
    </Filter>
    <Filter Include="소스 파일\CoreFunction\Size">
      <UniqueIdentifier>{018999d9-0b28-4e83-8994-a4b6f5a74f0c}</UniqueIdentifier>
    </Filter>
    <Filter Include="소스 파일\GameObject\Bullet">
      <UniqueIdentifier>{28c83ef8-9426-47ca-845f-d7230ab04d05}</UniqueIdentifier>
    </Filter>
    <Filter Include="소스 파일\GameObject\Plant">
      <UniqueIdentifier>{6e26491b-3f0d-4b64-8615-9c809efe66cf}</UniqueIdentifier>
    </Filter>
    <Filter Include="소스 파일\GameObject\StorePlantImage">
      <UniqueIdentifier>{38e4e2a2-7020-4f51-96bf-8b6b67e9a525}</UniqueIdentifier>
    </Filter>
    <Filter Include="소스 파일\GameObject\Sunlight">
      <UniqueIdentifier>{fd42217e-1445-4535-b0a3-eb6f766784c8}</UniqueIdentifier>
    </Filter>
    <Filter Include="소스 파일\GameObject\Tile">
      <UniqueIdentifier>{4649fd28-c934-45ef-aed1-7295f2381ee1}</UniqueIdentifier>
    </Filter>
    <Filter Include="소스 파일\GameObject\Zombie">
      <UniqueIdentifier>{240b62dc-0c78-4631-9739-63f998a96cf3}</UniqueIdentifier>
    </Filter>
    <Filter Include="소스 파일\Manager\ManagerManager">
      <UniqueIdentifier>{2939e170-8069-404e-a764-bbe4d05d02a1}</UniqueIdentifier>
    </Filter>
    <Filter Include="소스 파일\Manager\Managers">
      <UniqueIdentifier>{ff8a1423-d8c1-433a-85eb-550676467c37}</UniqueIdentifier>
    </Filter>
    <Filter Include="소스 파일\GameObject\Plant\Pea">
      <UniqueIdentifier>{078cbbc2-0637-4752-9ef5-bccfa8ce3147}</UniqueIdentifier>
    </Filter>
    <Filter Include="소스 파일\GameObject\Plant\Sunflower">
      <UniqueIdentifier>{b0886b0e-c233-4494-971f-c6f99f6ffd69}</UniqueIdentifier>
    </Filter>
    <Filter Include="소스 파일\Manager\Managers\BulletManager">
      <UniqueIdentifier>{015cc15b-1b22-41dd-887f-d85b6382752c}</UniqueIdentifier>
    </Filter>
    <Filter Include="소스 파일\Manager\Managers\CollisionManager">
      <UniqueIdentifier>{1ef1b7bf-8a18-4127-9e0a-76b77a0f92dd}</UniqueIdentifier>
    </Filter>
    <Filter Include="소스 파일\Manager\Managers\GameBoardManager">
      <UniqueIdentifier>{2fbbea4f-e199-4ca6-b8cd-a31906bc3725}</UniqueIdentifier>
    </Filter>
    <Filter Include="소스 파일\Manager\Managers\PlantManager">
      <UniqueIdentifier>{5acbce4b-417b-4925-bb92-ee6a44c1f9bc}</UniqueIdentifier>
    </Filter>
    <Filter Include="소스 파일\Manager\Managers\PlayerManager">
      <UniqueIdentifier>{e49a2c70-037a-474a-8408-4828dc558c3c}</UniqueIdentifier>
    </Filter>
    <Filter Include="소스 파일\Manager\Managers\StoreManager">
      <UniqueIdentifier>{c8a85c7c-a1bf-4792-a6f6-4bae03ed1279}</UniqueIdentifier>
    </Filter>
    <Filter Include="소스 파일\Manager\Managers\SunlightManager">
      <UniqueIdentifier>{8292fff0-1c51-4074-9cd9-de1d1b243862}</UniqueIdentifier>
    </Filter>
    <Filter Include="소스 파일\Manager\Managers\ZombieManager">
      <UniqueIdentifier>{3cd852fd-b2a8-4876-9b29-c509c1c469fe}</UniqueIdentifier>
    </Filter>
    <Filter Include="소스 파일\Manager\BaseManager">
      <UniqueIdentifier>{bed3eee9-6fa4-4c84-b27c-7e8dd0b77c27}</UniqueIdentifier>
    </Filter>
    <Filter Include="소스 파일\GameObject\Plant\IcePea">
      <UniqueIdentifier>{13a0f7bf-0cb7-4413-a5e0-0ca21c4eb80c}</UniqueIdentifier>
    </Filter>
    <Filter Include="소스 파일\GameObject\Bullet\PeaBullet">
      <UniqueIdentifier>{a197cd18-89a8-4dcf-b369-f2660bd7a4bf}</UniqueIdentifier>
    </Filter>
    <Filter Include="소스 파일\GameObject\Bullet\IcePeaBullet">
      <UniqueIdentifier>{7a307451-1d6b-4022-a21a-267b3cf60dae}</UniqueIdentifier>
    </Filter>
  </ItemGroup>
  <ItemGroup>
    <ClInclude Include="framework.h">
      <Filter>헤더 파일</Filter>
    </ClInclude>
    <ClInclude Include="targetver.h">
      <Filter>헤더 파일</Filter>
    </ClInclude>
    <ClInclude Include="Resource.h">
      <Filter>헤더 파일</Filter>
    </ClInclude>
    <ClInclude Include="CoreFunction\IntervalTimer\IntervalTimer.h">
      <Filter>소스 파일\CoreFunction\IntervalTimer</Filter>
    </ClInclude>
    <ClInclude Include="CoreFunction\Size\Size.h">
      <Filter>소스 파일\CoreFunction\Size</Filter>
    </ClInclude>
    <ClInclude Include="CoreFunction\Singleton\SingletonT.h">
      <Filter>소스 파일\CoreFunction\Singleton</Filter>
    </ClInclude>
    <ClInclude Include="CoreFunction\Point\Point.h">
      <Filter>소스 파일\CoreFunction\Point</Filter>
    </ClInclude>
    <ClInclude Include="CoreFunction\PictureBox\PictureBox.h">
      <Filter>소스 파일\CoreFunction\PictureBox</Filter>
    </ClInclude>
    <ClInclude Include="GameObject\Bullet\Bullet.h">
      <Filter>소스 파일\GameObject\Bullet</Filter>
    </ClInclude>
    <ClInclude Include="GameObject\Zombie\Zombie.h">
      <Filter>소스 파일\GameObject\Zombie</Filter>
    </ClInclude>
    <ClInclude Include="GameObject\Tile\Tile.h">
      <Filter>소스 파일\GameObject\Tile</Filter>
    </ClInclude>
    <ClInclude Include="GameObject\Sunlight\Sunlight.h">
      <Filter>소스 파일\GameObject\Sunlight</Filter>
    </ClInclude>
    <ClInclude Include="GameObject\StorePlantImage\StorePlantImage.h">
      <Filter>소스 파일\GameObject\StorePlantImage</Filter>
    </ClInclude>
    <ClInclude Include="GameObject\Plant\Plant.h">
      <Filter>소스 파일\GameObject\Plant</Filter>
    </ClInclude>
    <ClInclude Include="GameObject\Plant\Sunflower\Sunflower.h">
      <Filter>소스 파일\GameObject\Plant\Sunflower</Filter>
    </ClInclude>
    <ClInclude Include="GameObject\Plant\Pea\Pea.h">
      <Filter>소스 파일\GameObject\Plant\Pea</Filter>
    </ClInclude>
    <ClInclude Include="Main\Constants.h">
      <Filter>소스 파일\Main</Filter>
    </ClInclude>
    <ClInclude Include="Main\MainGame.h">
      <Filter>소스 파일\Main</Filter>
    </ClInclude>
    <ClInclude Include="Manager\ManagerManager\ManagerManager.h">
      <Filter>소스 파일\Manager\ManagerManager</Filter>
    </ClInclude>
    <ClInclude Include="Manager\BaseManager\BaseManager.h">
      <Filter>소스 파일\Manager\BaseManager</Filter>
    </ClInclude>
    <ClInclude Include="Manager\Managers\BulletManager\BulletManager.h">
      <Filter>소스 파일\Manager\Managers\BulletManager</Filter>
    </ClInclude>
    <ClInclude Include="Manager\Managers\CollisionManager\CollisionManager.h">
      <Filter>소스 파일\Manager\Managers\CollisionManager</Filter>
    </ClInclude>
    <ClInclude Include="Manager\Managers\GameBoardManager\GameBoard.h">
      <Filter>소스 파일\Manager\Managers\GameBoardManager</Filter>
    </ClInclude>
    <ClInclude Include="Manager\Managers\PlantManager\PlantManager.h">
      <Filter>소스 파일\Manager\Managers\PlantManager</Filter>
    </ClInclude>
    <ClInclude Include="Manager\Managers\PlayerManager\Player.h">
      <Filter>소스 파일\Manager\Managers\PlayerManager</Filter>
    </ClInclude>
    <ClInclude Include="Manager\Managers\StoreManager\Store.h">
      <Filter>소스 파일\Manager\Managers\StoreManager</Filter>
    </ClInclude>
    <ClInclude Include="Manager\Managers\SunlightManager\SunlightManager.h">
      <Filter>소스 파일\Manager\Managers\SunlightManager</Filter>
    </ClInclude>
    <ClInclude Include="Manager\Managers\ZombieManager\ZombieManager.h">
      <Filter>소스 파일\Manager\Managers\ZombieManager</Filter>
    </ClInclude>
    <ClInclude Include="PlantsVsZombies.h">
      <Filter>소스 파일</Filter>
    </ClInclude>
    <ClInclude Include="GameObject\Plant\IcePea\IcePea.h">
      <Filter>소스 파일\GameObject\Plant\IcePea</Filter>
    </ClInclude>
    <ClInclude Include="GameObject\Bullet\IcePeaBullet\IcePeaBullet.h">
      <Filter>소스 파일\GameObject\Bullet\IcePeaBullet</Filter>
    </ClInclude>
    <ClInclude Include="GameObject\Bullet\PeaBullet\PeaBullet.h">
      <Filter>소스 파일\GameObject\Bullet\PeaBullet</Filter>
    </ClInclude>
  </ItemGroup>
  <ItemGroup>
    <ResourceCompile Include="PlantsVsZombies.rc">
      <Filter>리소스 파일</Filter>
    </ResourceCompile>
  </ItemGroup>
  <ItemGroup>
    <Image Include="small.ico">
      <Filter>리소스 파일</Filter>
    </Image>
    <Image Include="PlantsVsZombies.ico">
      <Filter>리소스 파일</Filter>
    </Image>
  </ItemGroup>
  <ItemGroup>
    <ClCompile Include="CoreFunction\IntervalTimer\IntervalTimer.cpp">
      <Filter>소스 파일\CoreFunction\IntervalTimer</Filter>
    </ClCompile>
    <ClCompile Include="CoreFunction\Size\Size.cpp">
      <Filter>소스 파일\CoreFunction\Size</Filter>
    </ClCompile>
    <ClCompile Include="CoreFunction\Singleton\SingletonT.cpp">
      <Filter>소스 파일\CoreFunction\Singleton</Filter>
    </ClCompile>
    <ClCompile Include="CoreFunction\Point\Point.cpp">
      <Filter>소스 파일\CoreFunction\Point</Filter>
    </ClCompile>
    <ClCompile Include="CoreFunction\PictureBox\PictureBox.cpp">
      <Filter>소스 파일\CoreFunction\PictureBox</Filter>
    </ClCompile>
    <ClCompile Include="GameObject\Bullet\Bullet.cpp">
      <Filter>소스 파일\GameObject\Bullet</Filter>
    </ClCompile>
    <ClCompile Include="GameObject\Zombie\Zombie.cpp">
      <Filter>소스 파일\GameObject\Zombie</Filter>
    </ClCompile>
    <ClCompile Include="GameObject\Tile\Tile.cpp">
      <Filter>소스 파일\GameObject\Tile</Filter>
    </ClCompile>
    <ClCompile Include="GameObject\Sunlight\Sunlight.cpp">
      <Filter>소스 파일\GameObject\Sunlight</Filter>
    </ClCompile>
    <ClCompile Include="GameObject\StorePlantImage\StorePlantImage.cpp">
      <Filter>소스 파일\GameObject\StorePlantImage</Filter>
    </ClCompile>
    <ClCompile Include="GameObject\Plant\Plant.cpp">
      <Filter>소스 파일\GameObject\Plant</Filter>
    </ClCompile>
    <ClCompile Include="GameObject\Plant\Sunflower\Sunflower.cpp">
      <Filter>소스 파일\GameObject\Plant\Sunflower</Filter>
    </ClCompile>
    <ClCompile Include="GameObject\Plant\Pea\Pea.cpp">
      <Filter>소스 파일\GameObject\Plant\Pea</Filter>
    </ClCompile>
    <ClCompile Include="Main\MainGame.cpp">
      <Filter>소스 파일\Main</Filter>
    </ClCompile>
    <ClCompile Include="Manager\ManagerManager\ManagerManager.cpp">
      <Filter>소스 파일\Manager\ManagerManager</Filter>
    </ClCompile>
    <ClCompile Include="Manager\BaseManager\BaseManager.cpp">
      <Filter>소스 파일\Manager\BaseManager</Filter>
    </ClCompile>
    <ClCompile Include="Manager\Managers\BulletManager\BulletManager.cpp">
      <Filter>소스 파일\Manager\Managers\BulletManager</Filter>
    </ClCompile>
    <ClCompile Include="Manager\Managers\CollisionManager\CollisionManager.cpp">
      <Filter>소스 파일\Manager\Managers\CollisionManager</Filter>
    </ClCompile>
    <ClCompile Include="Manager\Managers\GameBoardManager\GameBoard.cpp">
      <Filter>소스 파일\Manager\Managers\GameBoardManager</Filter>
    </ClCompile>
    <ClCompile Include="Manager\Managers\PlantManager\PlantManager.cpp">
      <Filter>소스 파일\Manager\Managers\PlantManager</Filter>
    </ClCompile>
    <ClCompile Include="Manager\Managers\PlayerManager\Player.cpp">
      <Filter>소스 파일\Manager\Managers\PlayerManager</Filter>
    </ClCompile>
    <ClCompile Include="Manager\Managers\StoreManager\Store.cpp">
      <Filter>소스 파일\Manager\Managers\StoreManager</Filter>
    </ClCompile>
    <ClCompile Include="Manager\Managers\SunlightManager\SunlightManager.cpp">
      <Filter>소스 파일\Manager\Managers\SunlightManager</Filter>
    </ClCompile>
    <ClCompile Include="Manager\Managers\ZombieManager\ZombieManager.cpp">
      <Filter>소스 파일\Manager\Managers\ZombieManager</Filter>
    </ClCompile>
    <ClCompile Include="PlantsVsZombies.cpp">
      <Filter>소스 파일</Filter>
    </ClCompile>
    <ClCompile Include="GameObject\Plant\IcePea\IcePea.cpp">
      <Filter>소스 파일\GameObject\Plant\IcePea</Filter>
    </ClCompile>
    <ClCompile Include="GameObject\Bullet\IcePeaBullet\IcePeaBullet.cpp">
      <Filter>소스 파일\GameObject\Bullet\IcePeaBullet</Filter>
    </ClCompile>
    <ClCompile Include="GameObject\Bullet\PeaBullet\PeaBullet.cpp">
      <Filter>소스 파일\GameObject\Bullet\PeaBullet</Filter>
    </ClCompile>
  </ItemGroup>
</Project>