<?xml version="1.0" encoding="utf-8"?>
<Project ToolsVersion="4.0" xmlns="http://schemas.microsoft.com/developer/msbuild/2003">
  <ItemGroup>
    <Filter Include="소스 파일">
      <UniqueIdentifier>{4FC737F1-C7A5-4376-A066-2A32D752A2FF}</UniqueIdentifier>
      <Extensions>cpp;c;cc;cxx;c++;cppm;ixx;def;odl;idl;hpj;bat;asm;asmx</Extensions>
    </Filter>
    <Filter Include="헤더 파일">
      <UniqueIdentifier>{93995380-89BD-4b04-88EB-625FBE52EBFB}</UniqueIdentifier>
      <Extensions>h;hh;hpp;hxx;h++;hm;inl;inc;ipp;xsd</Extensions>
    </Filter>
    <Filter Include="리소스 파일">
      <UniqueIdentifier>{67DA6AB6-F800-4c08-8B7A-83BB121AAD01}</UniqueIdentifier>
      <Extensions>rc;ico;cur;bmp;dlg;rc2;rct;bin;rgs;gif;jpg;jpeg;jpe;resx;tiff;tif;png;wav;mfcribbon-ms</Extensions>
    </Filter>
    <Filter Include="소스 파일\Player">
      <UniqueIdentifier>{b3fea389-c85a-452b-850e-91381c2c86da}</UniqueIdentifier>
    </Filter>
    <Filter Include="소스 파일\Plant">
      <UniqueIdentifier>{f24ac04d-85be-4965-b9af-9482a99bb4cd}</UniqueIdentifier>
    </Filter>
    <Filter Include="소스 파일\Game">
      <UniqueIdentifier>{cfc273d5-98b4-48c6-afdc-3e0d9a082b26}</UniqueIdentifier>
    </Filter>
    <Filter Include="소스 파일\CoreFunction">
      <UniqueIdentifier>{258ac5a0-066b-45be-a235-59d2e2a49348}</UniqueIdentifier>
    </Filter>
    <Filter Include="소스 파일\CoreFunction\Point">
      <UniqueIdentifier>{2dafdcbe-855f-4265-85f0-efe5a817f56a}</UniqueIdentifier>
    </Filter>
    <Filter Include="소스 파일\CoreFunction\Size">
      <UniqueIdentifier>{717f11c6-a97d-4820-b1e4-f9bac5628660}</UniqueIdentifier>
    </Filter>
    <Filter Include="소스 파일\Field">
      <UniqueIdentifier>{598a03c3-0b2e-404c-9127-174567e57dbe}</UniqueIdentifier>
    </Filter>
    <Filter Include="소스 파일\Tile">
      <UniqueIdentifier>{15466b94-16d0-4333-b3e4-7aa94cb0c437}</UniqueIdentifier>
    </Filter>
    <Filter Include="소스 파일\CoreFunction\PictureBox">
      <UniqueIdentifier>{e67299b2-c305-401c-9468-77607aa88fc7}</UniqueIdentifier>
    </Filter>
    <Filter Include="소스 파일\Game\Main">
      <UniqueIdentifier>{df77c6c2-b0f1-445d-bcd3-5d5013828f4c}</UniqueIdentifier>
    </Filter>
    <Filter Include="소스 파일\Plant\Sunflower">
      <UniqueIdentifier>{4eca7184-b3d8-4b2d-810a-08392d279803}</UniqueIdentifier>
    </Filter>
  </ItemGroup>
  <ItemGroup>
    <ClInclude Include="framework.h">
      <Filter>헤더 파일</Filter>
    </ClInclude>
    <ClInclude Include="targetver.h">
      <Filter>헤더 파일</Filter>
    </ClInclude>
    <ClInclude Include="Resource.h">
      <Filter>헤더 파일</Filter>
    </ClInclude>
    <ClInclude Include="Player.h">
      <Filter>소스 파일\Player</Filter>
    </ClInclude>
    <ClInclude Include="Point.h">
      <Filter>소스 파일\CoreFunction\Point</Filter>
    </ClInclude>
    <ClInclude Include="Constants.h">
      <Filter>소스 파일\CoreFunction</Filter>
    </ClInclude>
    <ClInclude Include="Size.h">
      <Filter>소스 파일\CoreFunction\Size</Filter>
    </ClInclude>
    <ClInclude Include="Field.h">
      <Filter>소스 파일\Field</Filter>
    </ClInclude>
    <ClInclude Include="PictureBox.h">
      <Filter>소스 파일\CoreFunction\PictureBox</Filter>
    </ClInclude>
    <ClInclude Include="Tile.h">
      <Filter>소스 파일\Tile</Filter>
    </ClInclude>
    <ClInclude Include="MainGame.h">
      <Filter>소스 파일\Game\Main</Filter>
    </ClInclude>
    <ClInclude Include="PlantsVsZombies.h">
      <Filter>소스 파일\Game</Filter>
    </ClInclude>
    <ClInclude Include="Sunflower.h">
      <Filter>소스 파일\Plant\Sunflower</Filter>
    </ClInclude>
    <ClInclude Include="Plant.h">
      <Filter>소스 파일\Plant</Filter>
    </ClInclude>
  </ItemGroup>
  <ItemGroup>
    <ClCompile Include="Player.cpp">
      <Filter>소스 파일\Player</Filter>
    </ClCompile>
    <ClCompile Include="Point.cpp">
      <Filter>소스 파일\CoreFunction\Point</Filter>
    </ClCompile>
    <ClCompile Include="Size.cpp">
      <Filter>소스 파일\CoreFunction\Size</Filter>
    </ClCompile>
    <ClCompile Include="Field.cpp">
      <Filter>소스 파일\Field</Filter>
    </ClCompile>
    <ClCompile Include="PictureBox.cpp">
      <Filter>소스 파일\CoreFunction\PictureBox</Filter>
    </ClCompile>
    <ClCompile Include="Tile.cpp">
      <Filter>소스 파일\Tile</Filter>
    </ClCompile>
    <ClCompile Include="MainGame.cpp">
      <Filter>소스 파일\Game\Main</Filter>
    </ClCompile>
    <ClCompile Include="PlantsVsZombies.cpp">
      <Filter>소스 파일\Game</Filter>
    </ClCompile>
    <ClCompile Include="Sunflower.cpp">
      <Filter>소스 파일\Plant\Sunflower</Filter>
    </ClCompile>
    <ClCompile Include="Plant.cpp">
      <Filter>소스 파일\Plant</Filter>
    </ClCompile>
  </ItemGroup>
  <ItemGroup>
    <ResourceCompile Include="PlantsVsZombies.rc">
      <Filter>리소스 파일</Filter>
    </ResourceCompile>
  </ItemGroup>
  <ItemGroup>
    <Image Include="small.ico">
      <Filter>리소스 파일</Filter>
    </Image>
    <Image Include="PlantsVsZombies.ico">
      <Filter>리소스 파일</Filter>
    </Image>
  </ItemGroup>
</Project>